// !$*UTF8*$!
{
	archiveVersion = 1;
	classes = {
	};
	objectVersion = 56;
	objects = {

/* Begin PBXBuildFile section */
		CD052DD72BFF3F3B004E324F /* SpendUpperBoundManager.swift in Sources */ = {isa = PBXBuildFile; fileRef = CD052DD62BFF3F3B004E324F /* SpendUpperBoundManager.swift */; };
		CD052DD92BFF5B9F004E324F /* LaunchScreen.storyboard in Resources */ = {isa = PBXBuildFile; fileRef = CD052DD82BFF5B9F004E324F /* LaunchScreen.storyboard */; };
		CD052DDB2BFF5FED004E324F /* CameraView.swift in Sources */ = {isa = PBXBuildFile; fileRef = CD052DDA2BFF5FED004E324F /* CameraView.swift */; };
		CD0C4DF72BDD259300BE80F6 /* DailyCost.swift in Sources */ = {isa = PBXBuildFile; fileRef = CD0C4DF62BDD259300BE80F6 /* DailyCost.swift */; };
		CD0D42492BAC7D6E0005EB7D /* MoneyTrackerApp.swift in Sources */ = {isa = PBXBuildFile; fileRef = CD0D42482BAC7D6E0005EB7D /* MoneyTrackerApp.swift */; };
		CD0D424B2BAC7D6E0005EB7D /* ContentView.swift in Sources */ = {isa = PBXBuildFile; fileRef = CD0D424A2BAC7D6E0005EB7D /* ContentView.swift */; };
		CD0D424D2BAC7D6E0005EB7D /* Assets.xcassets in Resources */ = {isa = PBXBuildFile; fileRef = CD0D424C2BAC7D6E0005EB7D /* Assets.xcassets */; };
		CD0D42502BAC7D6E0005EB7D /* Preview Assets.xcassets in Resources */ = {isa = PBXBuildFile; fileRef = CD0D424F2BAC7D6E0005EB7D /* Preview Assets.xcassets */; };
		CD0D425A2BAC7D6E0005EB7D /* MoneyTrackerTests.swift in Sources */ = {isa = PBXBuildFile; fileRef = CD0D42592BAC7D6E0005EB7D /* MoneyTrackerTests.swift */; };
		CD0D42642BAC7D6E0005EB7D /* MoneyTrackerUITests.swift in Sources */ = {isa = PBXBuildFile; fileRef = CD0D42632BAC7D6E0005EB7D /* MoneyTrackerUITests.swift */; };
		CD0D42662BAC7D6E0005EB7D /* MoneyTrackerUITestsLaunchTests.swift in Sources */ = {isa = PBXBuildFile; fileRef = CD0D42652BAC7D6E0005EB7D /* MoneyTrackerUITestsLaunchTests.swift */; };
		CD2A671A2BE2466C00D1CC7B /* QRcodeReader.swift in Sources */ = {isa = PBXBuildFile; fileRef = CD2A67192BE2466C00D1CC7B /* QRcodeReader.swift */; };
		CD481B682BE69D76008E9D4E /* costToChart.swift in Sources */ = {isa = PBXBuildFile; fileRef = CD481B672BE69D76008E9D4E /* costToChart.swift */; };
		CD729E9E2BE666D600493CFA /* progressLoopWithAnimate.swift in Sources */ = {isa = PBXBuildFile; fileRef = CD729E9D2BE666D600493CFA /* progressLoopWithAnimate.swift */; };
		CD8AFA6F2BEC814800DFB74D /* weekPicker.swift in Sources */ = {isa = PBXBuildFile; fileRef = CD8AFA6E2BEC814800DFB74D /* weekPicker.swift */; };
		CD9F827F2BDBD3B200BCDD27 /* costListView.swift in Sources */ = {isa = PBXBuildFile; fileRef = CD9F827E2BDBD3B200BCDD27 /* costListView.swift */; };
		CDE0C4082BEA16670048415F /* WeeklyCost.swift in Sources */ = {isa = PBXBuildFile; fileRef = CDE0C4072BEA16670048415F /* WeeklyCost.swift */; };
		CDE0C40A2BEB334A0048415F /* MonthlyCost.swift in Sources */ = {isa = PBXBuildFile; fileRef = CDE0C4092BEB334A0048415F /* MonthlyCost.swift */; };
		CDE0C40C2BEB5DF00048415F /* monthYearPicker.swift in Sources */ = {isa = PBXBuildFile; fileRef = CDE0C40B2BEB5DF00048415F /* monthYearPicker.swift */; };
		CDE9D5DE2BF4E98A0059D398 /* accounting.xcdatamodeld in Sources */ = {isa = PBXBuildFile; fileRef = CDE9D5DC2BF4E98A0059D398 /* accounting.xcdatamodeld */; };
		CDE9D5E02BF4EDAA0059D398 /* DataController.swift in Sources */ = {isa = PBXBuildFile; fileRef = CDE9D5DF2BF4EDAA0059D398 /* DataController.swift */; };
		CDE9D5E72BFB1BF50059D398 /* DataModel.swift in Sources */ = {isa = PBXBuildFile; fileRef = CDE9D5E62BFB1BF50059D398 /* DataModel.swift */; };
		CDE9D5E92BFB1CB90059D398 /* EachAccounting.swift in Sources */ = {isa = PBXBuildFile; fileRef = CDE9D5E82BFB1CB90059D398 /* EachAccounting.swift */; };
		CDE9D5EB2BFB1CED0059D398 /* EachCategoryCost.swift in Sources */ = {isa = PBXBuildFile; fileRef = CDE9D5EA2BFB1CED0059D398 /* EachCategoryCost.swift */; };
		CDE9D5ED2BFB1D7F0059D398 /* OperateDayViewModel.swift in Sources */ = {isa = PBXBuildFile; fileRef = CDE9D5EC2BFB1D7F0059D398 /* OperateDayViewModel.swift */; };
		CDE9D5EF2BFB1DEC0059D398 /* OperateWeekViewModel.swift in Sources */ = {isa = PBXBuildFile; fileRef = CDE9D5EE2BFB1DEC0059D398 /* OperateWeekViewModel.swift */; };
		CDE9D5F12BFB1E060059D398 /* OperateMonthViewModel.swift in Sources */ = {isa = PBXBuildFile; fileRef = CDE9D5F02BFB1E060059D398 /* OperateMonthViewModel.swift */; };
		CDE9D5F42BFB21BE0059D398 /* MoneyAccountingView.swift in Sources */ = {isa = PBXBuildFile; fileRef = CDE9D5F32BFB21BE0059D398 /* MoneyAccountingView.swift */; };
		CDE9D5F62BFB23980059D398 /* CheckCostView.swift in Sources */ = {isa = PBXBuildFile; fileRef = CDE9D5F52BFB23980059D398 /* CheckCostView.swift */; };
		CDE9D5F82BFB242A0059D398 /* SettingView.swift in Sources */ = {isa = PBXBuildFile; fileRef = CDE9D5F72BFB242A0059D398 /* SettingView.swift */; };
		CDE9D5FA2BFB25240059D398 /* EachAccountingNavigate.swift in Sources */ = {isa = PBXBuildFile; fileRef = CDE9D5F92BFB25240059D398 /* EachAccountingNavigate.swift */; };
		CDE9D5FD2BFB3C4F0059D398 /* LineChart.swift in Sources */ = {isa = PBXBuildFile; fileRef = CDE9D5FC2BFB3C4F0059D398 /* LineChart.swift */; };
		CDE9D5FF2BFF2C9A0059D398 /* CardView.swift in Sources */ = {isa = PBXBuildFile; fileRef = CDE9D5FE2BFF2C9A0059D398 /* CardView.swift */; };
/* End PBXBuildFile section */

/* Begin PBXContainerItemProxy section */
		CD0D42562BAC7D6E0005EB7D /* PBXContainerItemProxy */ = {
			isa = PBXContainerItemProxy;
			containerPortal = CD0D423D2BAC7D6E0005EB7D /* Project object */;
			proxyType = 1;
			remoteGlobalIDString = CD0D42442BAC7D6E0005EB7D;
			remoteInfo = MoneyTracker;
		};
		CD0D42602BAC7D6E0005EB7D /* PBXContainerItemProxy */ = {
			isa = PBXContainerItemProxy;
			containerPortal = CD0D423D2BAC7D6E0005EB7D /* Project object */;
			proxyType = 1;
			remoteGlobalIDString = CD0D42442BAC7D6E0005EB7D;
			remoteInfo = MoneyTracker;
		};
/* End PBXContainerItemProxy section */

/* Begin PBXFileReference section */
		CD052DD62BFF3F3B004E324F /* SpendUpperBoundManager.swift */ = {isa = PBXFileReference; lastKnownFileType = sourcecode.swift; path = SpendUpperBoundManager.swift; sourceTree = "<group>"; };
		CD052DD82BFF5B9F004E324F /* LaunchScreen.storyboard */ = {isa = PBXFileReference; lastKnownFileType = file.storyboard; path = LaunchScreen.storyboard; sourceTree = "<group>"; };
		CD052DDA2BFF5FED004E324F /* CameraView.swift */ = {isa = PBXFileReference; lastKnownFileType = sourcecode.swift; path = CameraView.swift; sourceTree = "<group>"; };
		CD0C4DF62BDD259300BE80F6 /* DailyCost.swift */ = {isa = PBXFileReference; lastKnownFileType = sourcecode.swift; path = DailyCost.swift; sourceTree = "<group>"; };
		CD0D42452BAC7D6E0005EB7D /* MoneyTracker.app */ = {isa = PBXFileReference; explicitFileType = wrapper.application; includeInIndex = 0; path = MoneyTracker.app; sourceTree = BUILT_PRODUCTS_DIR; };
		CD0D42482BAC7D6E0005EB7D /* MoneyTrackerApp.swift */ = {isa = PBXFileReference; lastKnownFileType = sourcecode.swift; path = MoneyTrackerApp.swift; sourceTree = "<group>"; };
		CD0D424A2BAC7D6E0005EB7D /* ContentView.swift */ = {isa = PBXFileReference; lastKnownFileType = sourcecode.swift; path = ContentView.swift; sourceTree = "<group>"; };
		CD0D424C2BAC7D6E0005EB7D /* Assets.xcassets */ = {isa = PBXFileReference; lastKnownFileType = folder.assetcatalog; path = Assets.xcassets; sourceTree = "<group>"; };
		CD0D424F2BAC7D6E0005EB7D /* Preview Assets.xcassets */ = {isa = PBXFileReference; lastKnownFileType = folder.assetcatalog; path = "Preview Assets.xcassets"; sourceTree = "<group>"; };
		CD0D42552BAC7D6E0005EB7D /* MoneyTrackerTests.xctest */ = {isa = PBXFileReference; explicitFileType = wrapper.cfbundle; includeInIndex = 0; path = MoneyTrackerTests.xctest; sourceTree = BUILT_PRODUCTS_DIR; };
		CD0D42592BAC7D6E0005EB7D /* MoneyTrackerTests.swift */ = {isa = PBXFileReference; lastKnownFileType = sourcecode.swift; path = MoneyTrackerTests.swift; sourceTree = "<group>"; };
		CD0D425F2BAC7D6E0005EB7D /* MoneyTrackerUITests.xctest */ = {isa = PBXFileReference; explicitFileType = wrapper.cfbundle; includeInIndex = 0; path = MoneyTrackerUITests.xctest; sourceTree = BUILT_PRODUCTS_DIR; };
		CD0D42632BAC7D6E0005EB7D /* MoneyTrackerUITests.swift */ = {isa = PBXFileReference; lastKnownFileType = sourcecode.swift; path = MoneyTrackerUITests.swift; sourceTree = "<group>"; };
		CD0D42652BAC7D6E0005EB7D /* MoneyTrackerUITestsLaunchTests.swift */ = {isa = PBXFileReference; lastKnownFileType = sourcecode.swift; path = MoneyTrackerUITestsLaunchTests.swift; sourceTree = "<group>"; };
		CD2A67192BE2466C00D1CC7B /* QRcodeReader.swift */ = {isa = PBXFileReference; lastKnownFileType = sourcecode.swift; path = QRcodeReader.swift; sourceTree = "<group>"; };
		CD481B672BE69D76008E9D4E /* costToChart.swift */ = {isa = PBXFileReference; lastKnownFileType = sourcecode.swift; path = costToChart.swift; sourceTree = "<group>"; };
		CD729E9D2BE666D600493CFA /* progressLoopWithAnimate.swift */ = {isa = PBXFileReference; lastKnownFileType = sourcecode.swift; path = progressLoopWithAnimate.swift; sourceTree = "<group>"; };
		CD8AFA6E2BEC814800DFB74D /* weekPicker.swift */ = {isa = PBXFileReference; lastKnownFileType = sourcecode.swift; path = weekPicker.swift; sourceTree = "<group>"; };
		CD9F827E2BDBD3B200BCDD27 /* costListView.swift */ = {isa = PBXFileReference; lastKnownFileType = sourcecode.swift; path = costListView.swift; sourceTree = "<group>"; };
		CDE0C4072BEA16670048415F /* WeeklyCost.swift */ = {isa = PBXFileReference; lastKnownFileType = sourcecode.swift; path = WeeklyCost.swift; sourceTree = "<group>"; };
		CDE0C4092BEB334A0048415F /* MonthlyCost.swift */ = {isa = PBXFileReference; lastKnownFileType = sourcecode.swift; path = MonthlyCost.swift; sourceTree = "<group>"; };
		CDE0C40B2BEB5DF00048415F /* monthYearPicker.swift */ = {isa = PBXFileReference; lastKnownFileType = sourcecode.swift; path = monthYearPicker.swift; sourceTree = "<group>"; };
		CDE9D5DD2BF4E98A0059D398 /* accounting.xcdatamodel */ = {isa = PBXFileReference; lastKnownFileType = wrapper.xcdatamodel; path = accounting.xcdatamodel; sourceTree = "<group>"; };
		CDE9D5DF2BF4EDAA0059D398 /* DataController.swift */ = {isa = PBXFileReference; lastKnownFileType = sourcecode.swift; path = DataController.swift; sourceTree = "<group>"; };
		CDE9D5E62BFB1BF50059D398 /* DataModel.swift */ = {isa = PBXFileReference; lastKnownFileType = sourcecode.swift; path = DataModel.swift; sourceTree = "<group>"; };
		CDE9D5E82BFB1CB90059D398 /* EachAccounting.swift */ = {isa = PBXFileReference; lastKnownFileType = sourcecode.swift; path = EachAccounting.swift; sourceTree = "<group>"; };
		CDE9D5EA2BFB1CED0059D398 /* EachCategoryCost.swift */ = {isa = PBXFileReference; lastKnownFileType = sourcecode.swift; path = EachCategoryCost.swift; sourceTree = "<group>"; };
		CDE9D5EC2BFB1D7F0059D398 /* OperateDayViewModel.swift */ = {isa = PBXFileReference; lastKnownFileType = sourcecode.swift; path = OperateDayViewModel.swift; sourceTree = "<group>"; };
		CDE9D5EE2BFB1DEC0059D398 /* OperateWeekViewModel.swift */ = {isa = PBXFileReference; lastKnownFileType = sourcecode.swift; path = OperateWeekViewModel.swift; sourceTree = "<group>"; };
		CDE9D5F02BFB1E060059D398 /* OperateMonthViewModel.swift */ = {isa = PBXFileReference; lastKnownFileType = sourcecode.swift; path = OperateMonthViewModel.swift; sourceTree = "<group>"; };
		CDE9D5F32BFB21BE0059D398 /* MoneyAccountingView.swift */ = {isa = PBXFileReference; lastKnownFileType = sourcecode.swift; path = MoneyAccountingView.swift; sourceTree = "<group>"; };
		CDE9D5F52BFB23980059D398 /* CheckCostView.swift */ = {isa = PBXFileReference; lastKnownFileType = sourcecode.swift; path = CheckCostView.swift; sourceTree = "<group>"; };
		CDE9D5F72BFB242A0059D398 /* SettingView.swift */ = {isa = PBXFileReference; lastKnownFileType = sourcecode.swift; path = SettingView.swift; sourceTree = "<group>"; };
		CDE9D5F92BFB25240059D398 /* EachAccountingNavigate.swift */ = {isa = PBXFileReference; lastKnownFileType = sourcecode.swift; path = EachAccountingNavigate.swift; sourceTree = "<group>"; };
		CDE9D5FC2BFB3C4F0059D398 /* LineChart.swift */ = {isa = PBXFileReference; lastKnownFileType = sourcecode.swift; path = LineChart.swift; sourceTree = "<group>"; };
		CDE9D5FE2BFF2C9A0059D398 /* CardView.swift */ = {isa = PBXFileReference; lastKnownFileType = sourcecode.swift; path = CardView.swift; sourceTree = "<group>"; };
/* End PBXFileReference section */

/* Begin PBXFrameworksBuildPhase section */
		CD0D42422BAC7D6E0005EB7D /* Frameworks */ = {
			isa = PBXFrameworksBuildPhase;
			buildActionMask = 2147483647;
			files = (
			);
			runOnlyForDeploymentPostprocessing = 0;
		};
		CD0D42522BAC7D6E0005EB7D /* Frameworks */ = {
			isa = PBXFrameworksBuildPhase;
			buildActionMask = 2147483647;
			files = (
			);
			runOnlyForDeploymentPostprocessing = 0;
		};
		CD0D425C2BAC7D6E0005EB7D /* Frameworks */ = {
			isa = PBXFrameworksBuildPhase;
			buildActionMask = 2147483647;
			files = (
			);
			runOnlyForDeploymentPostprocessing = 0;
		};
/* End PBXFrameworksBuildPhase section */

/* Begin PBXGroup section */
		CD0D423C2BAC7D6E0005EB7D = {
			isa = PBXGroup;
			children = (
				CDE9D5DC2BF4E98A0059D398 /* accounting.xcdatamodeld */,
				CDE9D5DF2BF4EDAA0059D398 /* DataController.swift */,
				CD0D42472BAC7D6E0005EB7D /* MoneyTracker */,
				CD0D42582BAC7D6E0005EB7D /* MoneyTrackerTests */,
				CD0D42622BAC7D6E0005EB7D /* MoneyTrackerUITests */,
				CD0D42462BAC7D6E0005EB7D /* Products */,
			);
			sourceTree = "<group>";
		};
		CD0D42462BAC7D6E0005EB7D /* Products */ = {
			isa = PBXGroup;
			children = (
				CD0D42452BAC7D6E0005EB7D /* MoneyTracker.app */,
				CD0D42552BAC7D6E0005EB7D /* MoneyTrackerTests.xctest */,
				CD0D425F2BAC7D6E0005EB7D /* MoneyTrackerUITests.xctest */,
			);
			name = Products;
			sourceTree = "<group>";
		};
		CD0D42472BAC7D6E0005EB7D /* MoneyTracker */ = {
			isa = PBXGroup;
			children = (
				CDE9D5E12BFB1A330059D398 /* Model */,
				CDE9D5E42BFB1A5D0059D398 /* ViewModel */,
				CDE9D5E22BFB1A490059D398 /* View */,
				CD0D42482BAC7D6E0005EB7D /* MoneyTrackerApp.swift */,
				CD0D424C2BAC7D6E0005EB7D /* Assets.xcassets */,
				CD0D424E2BAC7D6E0005EB7D /* Preview Content */,
			);
			path = MoneyTracker;
			sourceTree = "<group>";
		};
		CD0D424E2BAC7D6E0005EB7D /* Preview Content */ = {
			isa = PBXGroup;
			children = (
				CD0D424F2BAC7D6E0005EB7D /* Preview Assets.xcassets */,
			);
			path = "Preview Content";
			sourceTree = "<group>";
		};
		CD0D42582BAC7D6E0005EB7D /* MoneyTrackerTests */ = {
			isa = PBXGroup;
			children = (
				CD0D42592BAC7D6E0005EB7D /* MoneyTrackerTests.swift */,
			);
			path = MoneyTrackerTests;
			sourceTree = "<group>";
		};
		CD0D42622BAC7D6E0005EB7D /* MoneyTrackerUITests */ = {
			isa = PBXGroup;
			children = (
				CD0D42632BAC7D6E0005EB7D /* MoneyTrackerUITests.swift */,
				CD0D42652BAC7D6E0005EB7D /* MoneyTrackerUITestsLaunchTests.swift */,
			);
			path = MoneyTrackerUITests;
			sourceTree = "<group>";
		};
		CD9F827D2BDBD3A100BCDD27 /* component */ = {
			isa = PBXGroup;
			children = (
				CDE9D5F92BFB25240059D398 /* EachAccountingNavigate.swift */,
				CD9F827E2BDBD3B200BCDD27 /* costListView.swift */,
				CD729E9D2BE666D600493CFA /* progressLoopWithAnimate.swift */,
				CD481B672BE69D76008E9D4E /* costToChart.swift */,
				CDE0C40B2BEB5DF00048415F /* monthYearPicker.swift */,
				CD8AFA6E2BEC814800DFB74D /* weekPicker.swift */,
				CDE9D5FE2BFF2C9A0059D398 /* CardView.swift */,
			);
			path = component;
			sourceTree = "<group>";
		};
		CDE9D5E12BFB1A330059D398 /* Model */ = {
			isa = PBXGroup;
			children = (
				CDE9D5E62BFB1BF50059D398 /* DataModel.swift */,
			);
			path = Model;
			sourceTree = "<group>";
		};
		CDE9D5E22BFB1A490059D398 /* View */ = {
			isa = PBXGroup;
			children = (
				CD0D424A2BAC7D6E0005EB7D /* ContentView.swift */,
				CDE9D5F32BFB21BE0059D398 /* MoneyAccountingView.swift */,
				CDE9D5F52BFB23980059D398 /* CheckCostView.swift */,
				CDE9D5F72BFB242A0059D398 /* SettingView.swift */,
				CD2A67192BE2466C00D1CC7B /* QRcodeReader.swift */,
				CD052DDA2BFF5FED004E324F /* CameraView.swift */,
				CDE9D5E52BFB1A8C0059D398 /* CostView */,
				CDE9D5FB2BFB3C320059D398 /* Chart */,
				CD9F827D2BDBD3A100BCDD27 /* component */,
				CD052DD82BFF5B9F004E324F /* LaunchScreen.storyboard */,
			);
			path = View;
			sourceTree = "<group>";
		};
		CDE9D5E42BFB1A5D0059D398 /* ViewModel */ = {
			isa = PBXGroup;
			children = (
				CDE9D5E82BFB1CB90059D398 /* EachAccounting.swift */,
				CDE9D5EA2BFB1CED0059D398 /* EachCategoryCost.swift */,
				CDE9D5EC2BFB1D7F0059D398 /* OperateDayViewModel.swift */,
				CDE9D5EE2BFB1DEC0059D398 /* OperateWeekViewModel.swift */,
				CDE9D5F02BFB1E060059D398 /* OperateMonthViewModel.swift */,
				CD052DD62BFF3F3B004E324F /* SpendUpperBoundManager.swift */,
			);
			path = ViewModel;
			sourceTree = "<group>";
		};
		CDE9D5E52BFB1A8C0059D398 /* CostView */ = {
			isa = PBXGroup;
			children = (
				CD0C4DF62BDD259300BE80F6 /* DailyCost.swift */,
				CDE0C4072BEA16670048415F /* WeeklyCost.swift */,
				CDE0C4092BEB334A0048415F /* MonthlyCost.swift */,
			);
			path = CostView;
			sourceTree = "<group>";
		};
		CDE9D5FB2BFB3C320059D398 /* Chart */ = {
			isa = PBXGroup;
			children = (
				CDE9D5FC2BFB3C4F0059D398 /* LineChart.swift */,
			);
			path = Chart;
			sourceTree = "<group>";
		};
/* End PBXGroup section */

/* Begin PBXNativeTarget section */
		CD0D42442BAC7D6E0005EB7D /* MoneyTracker */ = {
			isa = PBXNativeTarget;
			buildConfigurationList = CD0D42692BAC7D6F0005EB7D /* Build configuration list for PBXNativeTarget "MoneyTracker" */;
			buildPhases = (
				CD0D42412BAC7D6E0005EB7D /* Sources */,
				CD0D42422BAC7D6E0005EB7D /* Frameworks */,
				CD0D42432BAC7D6E0005EB7D /* Resources */,
			);
			buildRules = (
			);
			dependencies = (
			);
			name = MoneyTracker;
			productName = MoneyTracker;
			productReference = CD0D42452BAC7D6E0005EB7D /* MoneyTracker.app */;
			productType = "com.apple.product-type.application";
		};
		CD0D42542BAC7D6E0005EB7D /* MoneyTrackerTests */ = {
			isa = PBXNativeTarget;
			buildConfigurationList = CD0D426C2BAC7D6F0005EB7D /* Build configuration list for PBXNativeTarget "MoneyTrackerTests" */;
			buildPhases = (
				CD0D42512BAC7D6E0005EB7D /* Sources */,
				CD0D42522BAC7D6E0005EB7D /* Frameworks */,
				CD0D42532BAC7D6E0005EB7D /* Resources */,
			);
			buildRules = (
			);
			dependencies = (
				CD0D42572BAC7D6E0005EB7D /* PBXTargetDependency */,
			);
			name = MoneyTrackerTests;
			productName = MoneyTrackerTests;
			productReference = CD0D42552BAC7D6E0005EB7D /* MoneyTrackerTests.xctest */;
			productType = "com.apple.product-type.bundle.unit-test";
		};
		CD0D425E2BAC7D6E0005EB7D /* MoneyTrackerUITests */ = {
			isa = PBXNativeTarget;
			buildConfigurationList = CD0D426F2BAC7D6F0005EB7D /* Build configuration list for PBXNativeTarget "MoneyTrackerUITests" */;
			buildPhases = (
				CD0D425B2BAC7D6E0005EB7D /* Sources */,
				CD0D425C2BAC7D6E0005EB7D /* Frameworks */,
				CD0D425D2BAC7D6E0005EB7D /* Resources */,
			);
			buildRules = (
			);
			dependencies = (
				CD0D42612BAC7D6E0005EB7D /* PBXTargetDependency */,
			);
			name = MoneyTrackerUITests;
			productName = MoneyTrackerUITests;
			productReference = CD0D425F2BAC7D6E0005EB7D /* MoneyTrackerUITests.xctest */;
			productType = "com.apple.product-type.bundle.ui-testing";
		};
/* End PBXNativeTarget section */

/* Begin PBXProject section */
		CD0D423D2BAC7D6E0005EB7D /* Project object */ = {
			isa = PBXProject;
			attributes = {
				BuildIndependentTargetsInParallel = 1;
				LastSwiftUpdateCheck = 1430;
				LastUpgradeCheck = 1430;
				TargetAttributes = {
					CD0D42442BAC7D6E0005EB7D = {
						CreatedOnToolsVersion = 14.3.1;
					};
					CD0D42542BAC7D6E0005EB7D = {
						CreatedOnToolsVersion = 14.3.1;
						TestTargetID = CD0D42442BAC7D6E0005EB7D;
					};
					CD0D425E2BAC7D6E0005EB7D = {
						CreatedOnToolsVersion = 14.3.1;
						TestTargetID = CD0D42442BAC7D6E0005EB7D;
					};
				};
			};
			buildConfigurationList = CD0D42402BAC7D6E0005EB7D /* Build configuration list for PBXProject "MoneyTracker" */;
			compatibilityVersion = "Xcode 14.0";
			developmentRegion = en;
			hasScannedForEncodings = 0;
			knownRegions = (
				en,
				Base,
			);
			mainGroup = CD0D423C2BAC7D6E0005EB7D;
			productRefGroup = CD0D42462BAC7D6E0005EB7D /* Products */;
			projectDirPath = "";
			projectRoot = "";
			targets = (
				CD0D42442BAC7D6E0005EB7D /* MoneyTracker */,
				CD0D42542BAC7D6E0005EB7D /* MoneyTrackerTests */,
				CD0D425E2BAC7D6E0005EB7D /* MoneyTrackerUITests */,
			);
		};
/* End PBXProject section */

/* Begin PBXResourcesBuildPhase section */
		CD0D42432BAC7D6E0005EB7D /* Resources */ = {
			isa = PBXResourcesBuildPhase;
			buildActionMask = 2147483647;
			files = (
				CD052DD92BFF5B9F004E324F /* LaunchScreen.storyboard in Resources */,
				CD0D42502BAC7D6E0005EB7D /* Preview Assets.xcassets in Resources */,
				CD0D424D2BAC7D6E0005EB7D /* Assets.xcassets in Resources */,
			);
			runOnlyForDeploymentPostprocessing = 0;
		};
		CD0D42532BAC7D6E0005EB7D /* Resources */ = {
			isa = PBXResourcesBuildPhase;
			buildActionMask = 2147483647;
			files = (
			);
			runOnlyForDeploymentPostprocessing = 0;
		};
		CD0D425D2BAC7D6E0005EB7D /* Resources */ = {
			isa = PBXResourcesBuildPhase;
			buildActionMask = 2147483647;
			files = (
			);
			runOnlyForDeploymentPostprocessing = 0;
		};
/* End PBXResourcesBuildPhase section */

/* Begin PBXSourcesBuildPhase section */
		CD0D42412BAC7D6E0005EB7D /* Sources */ = {
			isa = PBXSourcesBuildPhase;
			buildActionMask = 2147483647;
			files = (
				CD2A671A2BE2466C00D1CC7B /* QRcodeReader.swift in Sources */,
				CD729E9E2BE666D600493CFA /* progressLoopWithAnimate.swift in Sources */,
				CDE9D5FA2BFB25240059D398 /* EachAccountingNavigate.swift in Sources */,
				CD481B682BE69D76008E9D4E /* costToChart.swift in Sources */,
				CDE9D5DE2BF4E98A0059D398 /* accounting.xcdatamodeld in Sources */,
				CDE9D5F82BFB242A0059D398 /* SettingView.swift in Sources */,
				CDE9D5F42BFB21BE0059D398 /* MoneyAccountingView.swift in Sources */,
				CD0D424B2BAC7D6E0005EB7D /* ContentView.swift in Sources */,
				CDE9D5E72BFB1BF50059D398 /* DataModel.swift in Sources */,
				CDE9D5F62BFB23980059D398 /* CheckCostView.swift in Sources */,
				CD8AFA6F2BEC814800DFB74D /* weekPicker.swift in Sources */,
				CDE9D5E02BF4EDAA0059D398 /* DataController.swift in Sources */,
				CD0D42492BAC7D6E0005EB7D /* MoneyTrackerApp.swift in Sources */,
				CDE0C4082BEA16670048415F /* WeeklyCost.swift in Sources */,
				CD052DD72BFF3F3B004E324F /* SpendUpperBoundManager.swift in Sources */,
				CDE9D5FF2BFF2C9A0059D398 /* CardView.swift in Sources */,
				CDE9D5EB2BFB1CED0059D398 /* EachCategoryCost.swift in Sources */,
				CDE9D5ED2BFB1D7F0059D398 /* OperateDayViewModel.swift in Sources */,
				CDE9D5EF2BFB1DEC0059D398 /* OperateWeekViewModel.swift in Sources */,
				CDE9D5FD2BFB3C4F0059D398 /* LineChart.swift in Sources */,
				CDE9D5E92BFB1CB90059D398 /* EachAccounting.swift in Sources */,
				CD052DDB2BFF5FED004E324F /* CameraView.swift in Sources */,
				CD0C4DF72BDD259300BE80F6 /* DailyCost.swift in Sources */,
				CDE9D5F12BFB1E060059D398 /* OperateMonthViewModel.swift in Sources */,
				CDE0C40A2BEB334A0048415F /* MonthlyCost.swift in Sources */,
				CD9F827F2BDBD3B200BCDD27 /* costListView.swift in Sources */,
				CDE0C40C2BEB5DF00048415F /* monthYearPicker.swift in Sources */,
			);
			runOnlyForDeploymentPostprocessing = 0;
		};
		CD0D42512BAC7D6E0005EB7D /* Sources */ = {
			isa = PBXSourcesBuildPhase;
			buildActionMask = 2147483647;
			files = (
				CD0D425A2BAC7D6E0005EB7D /* MoneyTrackerTests.swift in Sources */,
			);
			runOnlyForDeploymentPostprocessing = 0;
		};
		CD0D425B2BAC7D6E0005EB7D /* Sources */ = {
			isa = PBXSourcesBuildPhase;
			buildActionMask = 2147483647;
			files = (
				CD0D42662BAC7D6E0005EB7D /* MoneyTrackerUITestsLaunchTests.swift in Sources */,
				CD0D42642BAC7D6E0005EB7D /* MoneyTrackerUITests.swift in Sources */,
			);
			runOnlyForDeploymentPostprocessing = 0;
		};
/* End PBXSourcesBuildPhase section */

/* Begin PBXTargetDependency section */
		CD0D42572BAC7D6E0005EB7D /* PBXTargetDependency */ = {
			isa = PBXTargetDependency;
			target = CD0D42442BAC7D6E0005EB7D /* MoneyTracker */;
			targetProxy = CD0D42562BAC7D6E0005EB7D /* PBXContainerItemProxy */;
		};
		CD0D42612BAC7D6E0005EB7D /* PBXTargetDependency */ = {
			isa = PBXTargetDependency;
			target = CD0D42442BAC7D6E0005EB7D /* MoneyTracker */;
			targetProxy = CD0D42602BAC7D6E0005EB7D /* PBXContainerItemProxy */;
		};
/* End PBXTargetDependency section */

/* Begin XCBuildConfiguration section */
		CD0D42672BAC7D6F0005EB7D /* Debug */ = {
			isa = XCBuildConfiguration;
			buildSettings = {
				ALWAYS_SEARCH_USER_PATHS = NO;
				CLANG_ANALYZER_NONNULL = YES;
				CLANG_ANALYZER_NUMBER_OBJECT_CONVERSION = YES_AGGRESSIVE;
				CLANG_CXX_LANGUAGE_STANDARD = "gnu++20";
				CLANG_ENABLE_MODULES = YES;
				CLANG_ENABLE_OBJC_ARC = YES;
				CLANG_ENABLE_OBJC_WEAK = YES;
				CLANG_WARN_BLOCK_CAPTURE_AUTORELEASING = YES;
				CLANG_WARN_BOOL_CONVERSION = YES;
				CLANG_WARN_COMMA = YES;
				CLANG_WARN_CONSTANT_CONVERSION = YES;
				CLANG_WARN_DEPRECATED_OBJC_IMPLEMENTATIONS = YES;
				CLANG_WARN_DIRECT_OBJC_ISA_USAGE = YES_ERROR;
				CLANG_WARN_DOCUMENTATION_COMMENTS = YES;
				CLANG_WARN_EMPTY_BODY = YES;
				CLANG_WARN_ENUM_CONVERSION = YES;
				CLANG_WARN_INFINITE_RECURSION = YES;
				CLANG_WARN_INT_CONVERSION = YES;
				CLANG_WARN_NON_LITERAL_NULL_CONVERSION = YES;
				CLANG_WARN_OBJC_IMPLICIT_RETAIN_SELF = YES;
				CLANG_WARN_OBJC_LITERAL_CONVERSION = YES;
				CLANG_WARN_OBJC_ROOT_CLASS = YES_ERROR;
				CLANG_WARN_QUOTED_INCLUDE_IN_FRAMEWORK_HEADER = YES;
				CLANG_WARN_RANGE_LOOP_ANALYSIS = YES;
				CLANG_WARN_STRICT_PROTOTYPES = YES;
				CLANG_WARN_SUSPICIOUS_MOVE = YES;
				CLANG_WARN_UNGUARDED_AVAILABILITY = YES_AGGRESSIVE;
				CLANG_WARN_UNREACHABLE_CODE = YES;
				CLANG_WARN__DUPLICATE_METHOD_MATCH = YES;
				COPY_PHASE_STRIP = NO;
				DEBUG_INFORMATION_FORMAT = dwarf;
				ENABLE_STRICT_OBJC_MSGSEND = YES;
				ENABLE_TESTABILITY = YES;
				GCC_C_LANGUAGE_STANDARD = gnu11;
				GCC_DYNAMIC_NO_PIC = NO;
				GCC_NO_COMMON_BLOCKS = YES;
				GCC_OPTIMIZATION_LEVEL = 0;
				GCC_PREPROCESSOR_DEFINITIONS = (
					"DEBUG=1",
					"$(inherited)",
				);
				GCC_WARN_64_TO_32_BIT_CONVERSION = YES;
				GCC_WARN_ABOUT_RETURN_TYPE = YES_ERROR;
				GCC_WARN_UNDECLARED_SELECTOR = YES;
				GCC_WARN_UNINITIALIZED_AUTOS = YES_AGGRESSIVE;
				GCC_WARN_UNUSED_FUNCTION = YES;
				GCC_WARN_UNUSED_VARIABLE = YES;
				IPHONEOS_DEPLOYMENT_TARGET = 16.4;
				MTL_ENABLE_DEBUG_INFO = INCLUDE_SOURCE;
				MTL_FAST_MATH = YES;
				ONLY_ACTIVE_ARCH = YES;
				SDKROOT = iphoneos;
				SWIFT_ACTIVE_COMPILATION_CONDITIONS = DEBUG;
				SWIFT_OPTIMIZATION_LEVEL = "-Onone";
			};
			name = Debug;
		};
		CD0D42682BAC7D6F0005EB7D /* Release */ = {
			isa = XCBuildConfiguration;
			buildSettings = {
				ALWAYS_SEARCH_USER_PATHS = NO;
				CLANG_ANALYZER_NONNULL = YES;
				CLANG_ANALYZER_NUMBER_OBJECT_CONVERSION = YES_AGGRESSIVE;
				CLANG_CXX_LANGUAGE_STANDARD = "gnu++20";
				CLANG_ENABLE_MODULES = YES;
				CLANG_ENABLE_OBJC_ARC = YES;
				CLANG_ENABLE_OBJC_WEAK = YES;
				CLANG_WARN_BLOCK_CAPTURE_AUTORELEASING = YES;
				CLANG_WARN_BOOL_CONVERSION = YES;
				CLANG_WARN_COMMA = YES;
				CLANG_WARN_CONSTANT_CONVERSION = YES;
				CLANG_WARN_DEPRECATED_OBJC_IMPLEMENTATIONS = YES;
				CLANG_WARN_DIRECT_OBJC_ISA_USAGE = YES_ERROR;
				CLANG_WARN_DOCUMENTATION_COMMENTS = YES;
				CLANG_WARN_EMPTY_BODY = YES;
				CLANG_WARN_ENUM_CONVERSION = YES;
				CLANG_WARN_INFINITE_RECURSION = YES;
				CLANG_WARN_INT_CONVERSION = YES;
				CLANG_WARN_NON_LITERAL_NULL_CONVERSION = YES;
				CLANG_WARN_OBJC_IMPLICIT_RETAIN_SELF = YES;
				CLANG_WARN_OBJC_LITERAL_CONVERSION = YES;
				CLANG_WARN_OBJC_ROOT_CLASS = YES_ERROR;
				CLANG_WARN_QUOTED_INCLUDE_IN_FRAMEWORK_HEADER = YES;
				CLANG_WARN_RANGE_LOOP_ANALYSIS = YES;
				CLANG_WARN_STRICT_PROTOTYPES = YES;
				CLANG_WARN_SUSPICIOUS_MOVE = YES;
				CLANG_WARN_UNGUARDED_AVAILABILITY = YES_AGGRESSIVE;
				CLANG_WARN_UNREACHABLE_CODE = YES;
				CLANG_WARN__DUPLICATE_METHOD_MATCH = YES;
				COPY_PHASE_STRIP = NO;
				DEBUG_INFORMATION_FORMAT = "dwarf-with-dsym";
				ENABLE_NS_ASSERTIONS = NO;
				ENABLE_STRICT_OBJC_MSGSEND = YES;
				GCC_C_LANGUAGE_STANDARD = gnu11;
				GCC_NO_COMMON_BLOCKS = YES;
				GCC_WARN_64_TO_32_BIT_CONVERSION = YES;
				GCC_WARN_ABOUT_RETURN_TYPE = YES_ERROR;
				GCC_WARN_UNDECLARED_SELECTOR = YES;
				GCC_WARN_UNINITIALIZED_AUTOS = YES_AGGRESSIVE;
				GCC_WARN_UNUSED_FUNCTION = YES;
				GCC_WARN_UNUSED_VARIABLE = YES;
				IPHONEOS_DEPLOYMENT_TARGET = 16.4;
				MTL_ENABLE_DEBUG_INFO = NO;
				MTL_FAST_MATH = YES;
				SDKROOT = iphoneos;
				SWIFT_COMPILATION_MODE = wholemodule;
				SWIFT_OPTIMIZATION_LEVEL = "-O";
				VALIDATE_PRODUCT = YES;
			};
			name = Release;
		};
		CD0D426A2BAC7D6F0005EB7D /* Debug */ = {
			isa = XCBuildConfiguration;
			buildSettings = {
				ASSETCATALOG_COMPILER_APPICON_NAME = AppIcon;
				ASSETCATALOG_COMPILER_GLOBAL_ACCENT_COLOR_NAME = AccentColor;
				ASSETCATALOG_COMPILER_INCLUDE_ALL_APPICON_ASSETS = YES;
				CODE_SIGN_STYLE = Automatic;
				CURRENT_PROJECT_VERSION = 1;
				DEVELOPMENT_ASSET_PATHS = "\"MoneyTracker/Preview Content\"";
				DEVELOPMENT_TEAM = P2CKQU8TPP;
				ENABLE_PREVIEWS = YES;
				GENERATE_INFOPLIST_FILE = YES;
				INFOPLIST_KEY_NSCameraUsageDescription = "need camera to scan QR code";
				INFOPLIST_KEY_NSPhotoLibraryUsageDescription = "need to access your photo library that you can take a photo and select that photo to represent the item";
				INFOPLIST_KEY_UIApplicationSceneManifest_Generation = YES;
				INFOPLIST_KEY_UIApplicationSupportsIndirectInputEvents = YES;
				INFOPLIST_KEY_UILaunchScreen_Generation = YES;
				INFOPLIST_KEY_UILaunchStoryboardName = LaunchScreen.storyboard;
				INFOPLIST_KEY_UIRequiresFullScreen = YES;
				INFOPLIST_KEY_UISupportedInterfaceOrientations = UIInterfaceOrientationPortrait;
				IPHONEOS_DEPLOYMENT_TARGET = 16.0;
				LD_RUNPATH_SEARCH_PATHS = (
					"$(inherited)",
					"@executable_path/Frameworks",
				);
				MARKETING_VERSION = 1.0;
				PRODUCT_BUNDLE_IDENTIFIER = hypocrite1023.MoneyTracker;
				PRODUCT_NAME = "$(TARGET_NAME)";
				SWIFT_EMIT_LOC_STRINGS = YES;
				SWIFT_VERSION = 5.0;
				TARGETED_DEVICE_FAMILY = "1,2";
			};
			name = Debug;
		};
		CD0D426B2BAC7D6F0005EB7D /* Release */ = {
			isa = XCBuildConfiguration;
			buildSettings = {
				ASSETCATALOG_COMPILER_APPICON_NAME = AppIcon;
				ASSETCATALOG_COMPILER_GLOBAL_ACCENT_COLOR_NAME = AccentColor;
				ASSETCATALOG_COMPILER_INCLUDE_ALL_APPICON_ASSETS = YES;
				CODE_SIGN_STYLE = Automatic;
				CURRENT_PROJECT_VERSION = 1;
				DEVELOPMENT_ASSET_PATHS = "\"MoneyTracker/Preview Content\"";
				DEVELOPMENT_TEAM = P2CKQU8TPP;
				ENABLE_PREVIEWS = YES;
				GENERATE_INFOPLIST_FILE = YES;
				INFOPLIST_KEY_NSCameraUsageDescription = "need camera to scan QR code";
				INFOPLIST_KEY_NSPhotoLibraryUsageDescription = "need to access your photo library that you can take a photo and select that photo to represent the item";
				INFOPLIST_KEY_UIApplicationSceneManifest_Generation = YES;
				INFOPLIST_KEY_UIApplicationSupportsIndirectInputEvents = YES;
				INFOPLIST_KEY_UILaunchScreen_Generation = YES;
				INFOPLIST_KEY_UILaunchStoryboardName = LaunchScreen.storyboard;
				INFOPLIST_KEY_UIRequiresFullScreen = YES;
				INFOPLIST_KEY_UISupportedInterfaceOrientations = UIInterfaceOrientationPortrait;
				IPHONEOS_DEPLOYMENT_TARGET = 16.0;
				LD_RUNPATH_SEARCH_PATHS = (
					"$(inherited)",
					"@executable_path/Frameworks",
				);
				MARKETING_VERSION = 1.0;
				PRODUCT_BUNDLE_IDENTIFIER = hypocrite1023.MoneyTracker;
				PRODUCT_NAME = "$(TARGET_NAME)";
				SWIFT_EMIT_LOC_STRINGS = YES;
				SWIFT_VERSION = 5.0;
				TARGETED_DEVICE_FAMILY = "1,2";
			};
			name = Release;
		};
		CD0D426D2BAC7D6F0005EB7D /* Debug */ = {
			isa = XCBuildConfiguration;
			buildSettings = {
				ALWAYS_EMBED_SWIFT_STANDARD_LIBRARIES = YES;
				BUNDLE_LOADER = "$(TEST_HOST)";
				CODE_SIGN_STYLE = Automatic;
				CURRENT_PROJECT_VERSION = 1;
				DEVELOPMENT_TEAM = P2CKQU8TPP;
				GENERATE_INFOPLIST_FILE = YES;
				IPHONEOS_DEPLOYMENT_TARGET = 16.4;
				MARKETING_VERSION = 1.0;
				PRODUCT_BUNDLE_IDENTIFIER = hypocrite1023.MoneyTrackerTests;
				PRODUCT_NAME = "$(TARGET_NAME)";
				SWIFT_EMIT_LOC_STRINGS = NO;
				SWIFT_VERSION = 5.0;
				TARGETED_DEVICE_FAMILY = "1,2";
				TEST_HOST = "$(BUILT_PRODUCTS_DIR)/MoneyTracker.app/$(BUNDLE_EXECUTABLE_FOLDER_PATH)/MoneyTracker";
			};
			name = Debug;
		};
		CD0D426E2BAC7D6F0005EB7D /* Release */ = {
			isa = XCBuildConfiguration;
			buildSettings = {
				ALWAYS_EMBED_SWIFT_STANDARD_LIBRARIES = YES;
				BUNDLE_LOADER = "$(TEST_HOST)";
				CODE_SIGN_STYLE = Automatic;
				CURRENT_PROJECT_VERSION = 1;
				DEVELOPMENT_TEAM = P2CKQU8TPP;
				GENERATE_INFOPLIST_FILE = YES;
				IPHONEOS_DEPLOYMENT_TARGET = 16.4;
				MARKETING_VERSION = 1.0;
				PRODUCT_BUNDLE_IDENTIFIER = hypocrite1023.MoneyTrackerTests;
				PRODUCT_NAME = "$(TARGET_NAME)";
				SWIFT_EMIT_LOC_STRINGS = NO;
				SWIFT_VERSION = 5.0;
				TARGETED_DEVICE_FAMILY = "1,2";
				TEST_HOST = "$(BUILT_PRODUCTS_DIR)/MoneyTracker.app/$(BUNDLE_EXECUTABLE_FOLDER_PATH)/MoneyTracker";
			};
			name = Release;
		};
		CD0D42702BAC7D6F0005EB7D /* Debug */ = {
			isa = XCBuildConfiguration;
			buildSettings = {
				ALWAYS_EMBED_SWIFT_STANDARD_LIBRARIES = YES;
				CODE_SIGN_STYLE = Automatic;
				CURRENT_PROJECT_VERSION = 1;
				DEVELOPMENT_TEAM = P2CKQU8TPP;
				GENERATE_INFOPLIST_FILE = YES;
				MARKETING_VERSION = 1.0;
				PRODUCT_BUNDLE_IDENTIFIER = hypocrite1023.MoneyTrackerUITests;
				PRODUCT_NAME = "$(TARGET_NAME)";
				SWIFT_EMIT_LOC_STRINGS = NO;
				SWIFT_VERSION = 5.0;
				TARGETED_DEVICE_FAMILY = "1,2";
				TEST_TARGET_NAME = MoneyTracker;
			};
			name = Debug;
		};
		CD0D42712BAC7D6F0005EB7D /* Release */ = {
			isa = XCBuildConfiguration;
			buildSettings = {
				ALWAYS_EMBED_SWIFT_STANDARD_LIBRARIES = YES;
				CODE_SIGN_STYLE = Automatic;
				CURRENT_PROJECT_VERSION = 1;
				DEVELOPMENT_TEAM = P2CKQU8TPP;
				GENERATE_INFOPLIST_FILE = YES;
				MARKETING_VERSION = 1.0;
				PRODUCT_BUNDLE_IDENTIFIER = hypocrite1023.MoneyTrackerUITests;
				PRODUCT_NAME = "$(TARGET_NAME)";
				SWIFT_EMIT_LOC_STRINGS = NO;
				SWIFT_VERSION = 5.0;
				TARGETED_DEVICE_FAMILY = "1,2";
				TEST_TARGET_NAME = MoneyTracker;
			};
			name = Release;
		};
/* End XCBuildConfiguration section */

/* Begin XCConfigurationList section */
		CD0D42402BAC7D6E0005EB7D /* Build configuration list for PBXProject "MoneyTracker" */ = {
			isa = XCConfigurationList;
			buildConfigurations = (
				CD0D42672BAC7D6F0005EB7D /* Debug */,
				CD0D42682BAC7D6F0005EB7D /* Release */,
			);
			defaultConfigurationIsVisible = 0;
			defaultConfigurationName = Release;
		};
		CD0D42692BAC7D6F0005EB7D /* Build configuration list for PBXNativeTarget "MoneyTracker" */ = {
			isa = XCConfigurationList;
			buildConfigurations = (
				CD0D426A2BAC7D6F0005EB7D /* Debug */,
				CD0D426B2BAC7D6F0005EB7D /* Release */,
			);
			defaultConfigurationIsVisible = 0;
			defaultConfigurationName = Release;
		};
		CD0D426C2BAC7D6F0005EB7D /* Build configuration list for PBXNativeTarget "MoneyTrackerTests" */ = {
			isa = XCConfigurationList;
			buildConfigurations = (
				CD0D426D2BAC7D6F0005EB7D /* Debug */,
				CD0D426E2BAC7D6F0005EB7D /* Release */,
			);
			defaultConfigurationIsVisible = 0;
			defaultConfigurationName = Release;
		};
		CD0D426F2BAC7D6F0005EB7D /* Build configuration list for PBXNativeTarget "MoneyTrackerUITests" */ = {
			isa = XCConfigurationList;
			buildConfigurations = (
				CD0D42702BAC7D6F0005EB7D /* Debug */,
				CD0D42712BAC7D6F0005EB7D /* Release */,
			);
			defaultConfigurationIsVisible = 0;
			defaultConfigurationName = Release;
		};
/* End XCConfigurationList section */

/* Begin XCVersionGroup section */
		CDE9D5DC2BF4E98A0059D398 /* accounting.xcdatamodeld */ = {
			isa = XCVersionGroup;
			children = (
				CDE9D5DD2BF4E98A0059D398 /* accounting.xcdatamodel */,
			);
			currentVersion = CDE9D5DD2BF4E98A0059D398 /* accounting.xcdatamodel */;
			path = accounting.xcdatamodeld;
			sourceTree = "<group>";
			versionGroupType = wrapper.xcdatamodel;
		};
/* End XCVersionGroup section */
	};
	rootObject = CD0D423D2BAC7D6E0005EB7D /* Project object */;
}
