// !$*UTF8*$!
{
	archiveVersion = 1;
	classes = {
	};
	objectVersion = 56;
	objects = {

/* Begin PBXBuildFile section */
		CD1F282F2BAC790A004F5B44 /* MoneyTrackerApp.swift in Sources */ = {isa = PBXBuildFile; fileRef = CD1F282E2BAC790A004F5B44 /* MoneyTrackerApp.swift */; };
		CD1F28312BAC790A004F5B44 /* ContentView.swift in Sources */ = {isa = PBXBuildFile; fileRef = CD1F28302BAC790A004F5B44 /* ContentView.swift */; };
		CD1F28332BAC790A004F5B44 /* Assets.xcassets in Resources */ = {isa = PBXBuildFile; fileRef = CD1F28322BAC790A004F5B44 /* Assets.xcassets */; };
		CD1F28362BAC790A004F5B44 /* Preview Assets.xcassets in Resources */ = {isa = PBXBuildFile; fileRef = CD1F28352BAC790A004F5B44 /* Preview Assets.xcassets */; };
		CD1F28402BAC790B004F5B44 /* MoneyTrackerTests.swift in Sources */ = {isa = PBXBuildFile; fileRef = CD1F283F2BAC790B004F5B44 /* MoneyTrackerTests.swift */; };
		CD1F284A2BAC790B004F5B44 /* MoneyTrackerUITests.swift in Sources */ = {isa = PBXBuildFile; fileRef = CD1F28492BAC790B004F5B44 /* MoneyTrackerUITests.swift */; };
		CD1F284C2BAC790B004F5B44 /* MoneyTrackerUITestsLaunchTests.swift in Sources */ = {isa = PBXBuildFile; fileRef = CD1F284B2BAC790B004F5B44 /* MoneyTrackerUITestsLaunchTests.swift */; };
/* End PBXBuildFile section */

/* Begin PBXContainerItemProxy section */
		CD1F283C2BAC790B004F5B44 /* PBXContainerItemProxy */ = {
			isa = PBXContainerItemProxy;
			containerPortal = CD1F28232BAC790A004F5B44 /* Project object */;
			proxyType = 1;
			remoteGlobalIDString = CD1F282A2BAC790A004F5B44;
			remoteInfo = MoneyTracker;
		};
		CD1F28462BAC790B004F5B44 /* PBXContainerItemProxy */ = {
			isa = PBXContainerItemProxy;
			containerPortal = CD1F28232BAC790A004F5B44 /* Project object */;
			proxyType = 1;
			remoteGlobalIDString = CD1F282A2BAC790A004F5B44;
			remoteInfo = MoneyTracker;
		};
/* End PBXContainerItemProxy section */

/* Begin PBXFileReference section */
		CD1F282B2BAC790A004F5B44 /* MoneyTracker.app */ = {isa = PBXFileReference; explicitFileType = wrapper.application; includeInIndex = 0; path = MoneyTracker.app; sourceTree = BUILT_PRODUCTS_DIR; };
		CD1F282E2BAC790A004F5B44 /* MoneyTrackerApp.swift */ = {isa = PBXFileReference; lastKnownFileType = sourcecode.swift; path = MoneyTrackerApp.swift; sourceTree = "<group>"; };
		CD1F28302BAC790A004F5B44 /* ContentView.swift */ = {isa = PBXFileReference; lastKnownFileType = sourcecode.swift; path = ContentView.swift; sourceTree = "<group>"; };
		CD1F28322BAC790A004F5B44 /* Assets.xcassets */ = {isa = PBXFileReference; lastKnownFileType = folder.assetcatalog; path = Assets.xcassets; sourceTree = "<group>"; };
		CD1F28352BAC790A004F5B44 /* Preview Assets.xcassets */ = {isa = PBXFileReference; lastKnownFileType = folder.assetcatalog; path = "Preview Assets.xcassets"; sourceTree = "<group>"; };
		CD1F283B2BAC790B004F5B44 /* MoneyTrackerTests.xctest */ = {isa = PBXFileReference; explicitFileType = wrapper.cfbundle; includeInIndex = 0; path = MoneyTrackerTests.xctest; sourceTree = BUILT_PRODUCTS_DIR; };
		CD1F283F2BAC790B004F5B44 /* MoneyTrackerTests.swift */ = {isa = PBXFileReference; lastKnownFileType = sourcecode.swift; path = MoneyTrackerTests.swift; sourceTree = "<group>"; };
		CD1F28452BAC790B004F5B44 /* MoneyTrackerUITests.xctest */ = {isa = PBXFileReference; explicitFileType = wrapper.cfbundle; includeInIndex = 0; path = MoneyTrackerUITests.xctest; sourceTree = BUILT_PRODUCTS_DIR; };
		CD1F28492BAC790B004F5B44 /* MoneyTrackerUITests.swift */ = {isa = PBXFileReference; lastKnownFileType = sourcecode.swift; path = MoneyTrackerUITests.swift; sourceTree = "<group>"; };
		CD1F284B2BAC790B004F5B44 /* MoneyTrackerUITestsLaunchTests.swift */ = {isa = PBXFileReference; lastKnownFileType = sourcecode.swift; path = MoneyTrackerUITestsLaunchTests.swift; sourceTree = "<group>"; };
/* End PBXFileReference section */

/* Begin PBXFrameworksBuildPhase section */
		CD1F28282BAC790A004F5B44 /* Frameworks */ = {
			isa = PBXFrameworksBuildPhase;
			buildActionMask = 2147483647;
			files = (
			);
			runOnlyForDeploymentPostprocessing = 0;
		};
		CD1F28382BAC790B004F5B44 /* Frameworks */ = {
			isa = PBXFrameworksBuildPhase;
			buildActionMask = 2147483647;
			files = (
			);
			runOnlyForDeploymentPostprocessing = 0;
		};
		CD1F28422BAC790B004F5B44 /* Frameworks */ = {
			isa = PBXFrameworksBuildPhase;
			buildActionMask = 2147483647;
			files = (
			);
			runOnlyForDeploymentPostprocessing = 0;
		};
/* End PBXFrameworksBuildPhase section */

/* Begin PBXGroup section */
		CD1F28222BAC790A004F5B44 = {
			isa = PBXGroup;
			children = (
				CD1F282D2BAC790A004F5B44 /* MoneyTracker */,
				CD1F283E2BAC790B004F5B44 /* MoneyTrackerTests */,
				CD1F28482BAC790B004F5B44 /* MoneyTrackerUITests */,
				CD1F282C2BAC790A004F5B44 /* Products */,
			);
			sourceTree = "<group>";
		};
		CD1F282C2BAC790A004F5B44 /* Products */ = {
			isa = PBXGroup;
			children = (
				CD1F282B2BAC790A004F5B44 /* MoneyTracker.app */,
				CD1F283B2BAC790B004F5B44 /* MoneyTrackerTests.xctest */,
				CD1F28452BAC790B004F5B44 /* MoneyTrackerUITests.xctest */,
			);
			name = Products;
			sourceTree = "<group>";
		};
		CD1F282D2BAC790A004F5B44 /* MoneyTracker */ = {
			isa = PBXGroup;
			children = (
				CD1F282E2BAC790A004F5B44 /* MoneyTrackerApp.swift */,
				CD1F28302BAC790A004F5B44 /* ContentView.swift */,
				CD1F28322BAC790A004F5B44 /* Assets.xcassets */,
				CD1F28342BAC790A004F5B44 /* Preview Content */,
			);
			path = MoneyTracker;
			sourceTree = "<group>";
		};
		CD1F28342BAC790A004F5B44 /* Preview Content */ = {
			isa = PBXGroup;
			children = (
				CD1F28352BAC790A004F5B44 /* Preview Assets.xcassets */,
			);
			path = "Preview Content";
			sourceTree = "<group>";
		};
		CD1F283E2BAC790B004F5B44 /* MoneyTrackerTests */ = {
			isa = PBXGroup;
			children = (
				CD1F283F2BAC790B004F5B44 /* MoneyTrackerTests.swift */,
			);
			path = MoneyTrackerTests;
			sourceTree = "<group>";
		};
		CD1F28482BAC790B004F5B44 /* MoneyTrackerUITests */ = {
			isa = PBXGroup;
			children = (
				CD1F28492BAC790B004F5B44 /* MoneyTrackerUITests.swift */,
				CD1F284B2BAC790B004F5B44 /* MoneyTrackerUITestsLaunchTests.swift */,
			);
			path = MoneyTrackerUITests;
			sourceTree = "<group>";
		};
/* End PBXGroup section */

/* Begin PBXNativeTarget section */
		CD1F282A2BAC790A004F5B44 /* MoneyTracker */ = {
			isa = PBXNativeTarget;
			buildConfigurationList = CD1F284F2BAC790B004F5B44 /* Build configuration list for PBXNativeTarget "MoneyTracker" */;
			buildPhases = (
				CD1F28272BAC790A004F5B44 /* Sources */,
				CD1F28282BAC790A004F5B44 /* Frameworks */,
				CD1F28292BAC790A004F5B44 /* Resources */,
			);
			buildRules = (
			);
			dependencies = (
			);
			name = MoneyTracker;
			productName = MoneyTracker;
			productReference = CD1F282B2BAC790A004F5B44 /* MoneyTracker.app */;
			productType = "com.apple.product-type.application";
		};
		CD1F283A2BAC790B004F5B44 /* MoneyTrackerTests */ = {
			isa = PBXNativeTarget;
			buildConfigurationList = CD1F28522BAC790B004F5B44 /* Build configuration list for PBXNativeTarget "MoneyTrackerTests" */;
			buildPhases = (
				CD1F28372BAC790B004F5B44 /* Sources */,
				CD1F28382BAC790B004F5B44 /* Frameworks */,
				CD1F28392BAC790B004F5B44 /* Resources */,
			);
			buildRules = (
			);
			dependencies = (
				CD1F283D2BAC790B004F5B44 /* PBXTargetDependency */,
			);
			name = MoneyTrackerTests;
			productName = MoneyTrackerTests;
			productReference = CD1F283B2BAC790B004F5B44 /* MoneyTrackerTests.xctest */;
			productType = "com.apple.product-type.bundle.unit-test";
		};
		CD1F28442BAC790B004F5B44 /* MoneyTrackerUITests */ = {
			isa = PBXNativeTarget;
			buildConfigurationList = CD1F28552BAC790B004F5B44 /* Build configuration list for PBXNativeTarget "MoneyTrackerUITests" */;
			buildPhases = (
				CD1F28412BAC790B004F5B44 /* Sources */,
				CD1F28422BAC790B004F5B44 /* Frameworks */,
				CD1F28432BAC790B004F5B44 /* Resources */,
			);
			buildRules = (
			);
			dependencies = (
				CD1F28472BAC790B004F5B44 /* PBXTargetDependency */,
			);
			name = MoneyTrackerUITests;
			productName = MoneyTrackerUITests;
			productReference = CD1F28452BAC790B004F5B44 /* MoneyTrackerUITests.xctest */;
			productType = "com.apple.product-type.bundle.ui-testing";
		};
/* End PBXNativeTarget section */

/* Begin PBXProject section */
		CD1F28232BAC790A004F5B44 /* Project object */ = {
			isa = PBXProject;
			attributes = {
				BuildIndependentTargetsInParallel = 1;
				LastSwiftUpdateCheck = 1430;
				LastUpgradeCheck = 1430;
				TargetAttributes = {
					CD1F282A2BAC790A004F5B44 = {
						CreatedOnToolsVersion = 14.3.1;
					};
					CD1F283A2BAC790B004F5B44 = {
						CreatedOnToolsVersion = 14.3.1;
						TestTargetID = CD1F282A2BAC790A004F5B44;
					};
					CD1F28442BAC790B004F5B44 = {
						CreatedOnToolsVersion = 14.3.1;
						TestTargetID = CD1F282A2BAC790A004F5B44;
					};
				};
			};
			buildConfigurationList = CD1F28262BAC790A004F5B44 /* Build configuration list for PBXProject "MoneyTracker" */;
			compatibilityVersion = "Xcode 14.0";
			developmentRegion = en;
			hasScannedForEncodings = 0;
			knownRegions = (
				en,
				Base,
			);
			mainGroup = CD1F28222BAC790A004F5B44;
			productRefGroup = CD1F282C2BAC790A004F5B44 /* Products */;
			projectDirPath = "";
			projectRoot = "";
			targets = (
				CD1F282A2BAC790A004F5B44 /* MoneyTracker */,
				CD1F283A2BAC790B004F5B44 /* MoneyTrackerTests */,
				CD1F28442BAC790B004F5B44 /* MoneyTrackerUITests */,
			);
		};
/* End PBXProject section */

/* Begin PBXResourcesBuildPhase section */
		CD1F28292BAC790A004F5B44 /* Resources */ = {
			isa = PBXResourcesBuildPhase;
			buildActionMask = 2147483647;
			files = (
				CD1F28362BAC790A004F5B44 /* Preview Assets.xcassets in Resources */,
				CD1F28332BAC790A004F5B44 /* Assets.xcassets in Resources */,
			);
			runOnlyForDeploymentPostprocessing = 0;
		};
		CD1F28392BAC790B004F5B44 /* Resources */ = {
			isa = PBXResourcesBuildPhase;
			buildActionMask = 2147483647;
			files = (
			);
			runOnlyForDeploymentPostprocessing = 0;
		};
		CD1F28432BAC790B004F5B44 /* Resources */ = {
			isa = PBXResourcesBuildPhase;
			buildActionMask = 2147483647;
			files = (
			);
			runOnlyForDeploymentPostprocessing = 0;
		};
/* End PBXResourcesBuildPhase section */

/* Begin PBXSourcesBuildPhase section */
		CD1F28272BAC790A004F5B44 /* Sources */ = {
			isa = PBXSourcesBuildPhase;
			buildActionMask = 2147483647;
			files = (
				CD1F28312BAC790A004F5B44 /* ContentView.swift in Sources */,
				CD1F282F2BAC790A004F5B44 /* MoneyTrackerApp.swift in Sources */,
			);
			runOnlyForDeploymentPostprocessing = 0;
		};
		CD1F28372BAC790B004F5B44 /* Sources */ = {
			isa = PBXSourcesBuildPhase;
			buildActionMask = 2147483647;
			files = (
				CD1F28402BAC790B004F5B44 /* MoneyTrackerTests.swift in Sources */,
			);
			runOnlyForDeploymentPostprocessing = 0;
		};
		CD1F28412BAC790B004F5B44 /* Sources */ = {
			isa = PBXSourcesBuildPhase;
			buildActionMask = 2147483647;
			files = (
				CD1F284C2BAC790B004F5B44 /* MoneyTrackerUITestsLaunchTests.swift in Sources */,
				CD1F284A2BAC790B004F5B44 /* MoneyTrackerUITests.swift in Sources */,
			);
			runOnlyForDeploymentPostprocessing = 0;
		};
/* End PBXSourcesBuildPhase section */

/* Begin PBXTargetDependency section */
		CD1F283D2BAC790B004F5B44 /* PBXTargetDependency */ = {
			isa = PBXTargetDependency;
			target = CD1F282A2BAC790A004F5B44 /* MoneyTracker */;
			targetProxy = CD1F283C2BAC790B004F5B44 /* PBXContainerItemProxy */;
		};
		CD1F28472BAC790B004F5B44 /* PBXTargetDependency */ = {
			isa = PBXTargetDependency;
			target = CD1F282A2BAC790A004F5B44 /* MoneyTracker */;
			targetProxy = CD1F28462BAC790B004F5B44 /* PBXContainerItemProxy */;
		};
/* End PBXTargetDependency section */

/* Begin XCBuildConfiguration section */
		CD1F284D2BAC790B004F5B44 /* Debug */ = {
			isa = XCBuildConfiguration;
			buildSettings = {
				ALWAYS_SEARCH_USER_PATHS = NO;
				CLANG_ANALYZER_NONNULL = YES;
				CLANG_ANALYZER_NUMBER_OBJECT_CONVERSION = YES_AGGRESSIVE;
				CLANG_CXX_LANGUAGE_STANDARD = "gnu++20";
				CLANG_ENABLE_MODULES = YES;
				CLANG_ENABLE_OBJC_ARC = YES;
				CLANG_ENABLE_OBJC_WEAK = YES;
				CLANG_WARN_BLOCK_CAPTURE_AUTORELEASING = YES;
				CLANG_WARN_BOOL_CONVERSION = YES;
				CLANG_WARN_COMMA = YES;
				CLANG_WARN_CONSTANT_CONVERSION = YES;
				CLANG_WARN_DEPRECATED_OBJC_IMPLEMENTATIONS = YES;
				CLANG_WARN_DIRECT_OBJC_ISA_USAGE = YES_ERROR;
				CLANG_WARN_DOCUMENTATION_COMMENTS = YES;
				CLANG_WARN_EMPTY_BODY = YES;
				CLANG_WARN_ENUM_CONVERSION = YES;
				CLANG_WARN_INFINITE_RECURSION = YES;
				CLANG_WARN_INT_CONVERSION = YES;
				CLANG_WARN_NON_LITERAL_NULL_CONVERSION = YES;
				CLANG_WARN_OBJC_IMPLICIT_RETAIN_SELF = YES;
				CLANG_WARN_OBJC_LITERAL_CONVERSION = YES;
				CLANG_WARN_OBJC_ROOT_CLASS = YES_ERROR;
				CLANG_WARN_QUOTED_INCLUDE_IN_FRAMEWORK_HEADER = YES;
				CLANG_WARN_RANGE_LOOP_ANALYSIS = YES;
				CLANG_WARN_STRICT_PROTOTYPES = YES;
				CLANG_WARN_SUSPICIOUS_MOVE = YES;
				CLANG_WARN_UNGUARDED_AVAILABILITY = YES_AGGRESSIVE;
				CLANG_WARN_UNREACHABLE_CODE = YES;
				CLANG_WARN__DUPLICATE_METHOD_MATCH = YES;
				COPY_PHASE_STRIP = NO;
				DEBUG_INFORMATION_FORMAT = dwarf;
				ENABLE_STRICT_OBJC_MSGSEND = YES;
				ENABLE_TESTABILITY = YES;
				GCC_C_LANGUAGE_STANDARD = gnu11;
				GCC_DYNAMIC_NO_PIC = NO;
				GCC_NO_COMMON_BLOCKS = YES;
				GCC_OPTIMIZATION_LEVEL = 0;
				GCC_PREPROCESSOR_DEFINITIONS = (
					"DEBUG=1",
					"$(inherited)",
				);
				GCC_WARN_64_TO_32_BIT_CONVERSION = YES;
				GCC_WARN_ABOUT_RETURN_TYPE = YES_ERROR;
				GCC_WARN_UNDECLARED_SELECTOR = YES;
				GCC_WARN_UNINITIALIZED_AUTOS = YES_AGGRESSIVE;
				GCC_WARN_UNUSED_FUNCTION = YES;
				GCC_WARN_UNUSED_VARIABLE = YES;
				IPHONEOS_DEPLOYMENT_TARGET = 16.4;
				MTL_ENABLE_DEBUG_INFO = INCLUDE_SOURCE;
				MTL_FAST_MATH = YES;
				ONLY_ACTIVE_ARCH = YES;
				SDKROOT = iphoneos;
				SWIFT_ACTIVE_COMPILATION_CONDITIONS = DEBUG;
				SWIFT_OPTIMIZATION_LEVEL = "-Onone";
			};
			name = Debug;
		};
		CD1F284E2BAC790B004F5B44 /* Release */ = {
			isa = XCBuildConfiguration;
			buildSettings = {
				ALWAYS_SEARCH_USER_PATHS = NO;
				CLANG_ANALYZER_NONNULL = YES;
				CLANG_ANALYZER_NUMBER_OBJECT_CONVERSION = YES_AGGRESSIVE;
				CLANG_CXX_LANGUAGE_STANDARD = "gnu++20";
				CLANG_ENABLE_MODULES = YES;
				CLANG_ENABLE_OBJC_ARC = YES;
				CLANG_ENABLE_OBJC_WEAK = YES;
				CLANG_WARN_BLOCK_CAPTURE_AUTORELEASING = YES;
				CLANG_WARN_BOOL_CONVERSION = YES;
				CLANG_WARN_COMMA = YES;
				CLANG_WARN_CONSTANT_CONVERSION = YES;
				CLANG_WARN_DEPRECATED_OBJC_IMPLEMENTATIONS = YES;
				CLANG_WARN_DIRECT_OBJC_ISA_USAGE = YES_ERROR;
				CLANG_WARN_DOCUMENTATION_COMMENTS = YES;
				CLANG_WARN_EMPTY_BODY = YES;
				CLANG_WARN_ENUM_CONVERSION = YES;
				CLANG_WARN_INFINITE_RECURSION = YES;
				CLANG_WARN_INT_CONVERSION = YES;
				CLANG_WARN_NON_LITERAL_NULL_CONVERSION = YES;
				CLANG_WARN_OBJC_IMPLICIT_RETAIN_SELF = YES;
				CLANG_WARN_OBJC_LITERAL_CONVERSION = YES;
				CLANG_WARN_OBJC_ROOT_CLASS = YES_ERROR;
				CLANG_WARN_QUOTED_INCLUDE_IN_FRAMEWORK_HEADER = YES;
				CLANG_WARN_RANGE_LOOP_ANALYSIS = YES;
				CLANG_WARN_STRICT_PROTOTYPES = YES;
				CLANG_WARN_SUSPICIOUS_MOVE = YES;
				CLANG_WARN_UNGUARDED_AVAILABILITY = YES_AGGRESSIVE;
				CLANG_WARN_UNREACHABLE_CODE = YES;
				CLANG_WARN__DUPLICATE_METHOD_MATCH = YES;
				COPY_PHASE_STRIP = NO;
				DEBUG_INFORMATION_FORMAT = "dwarf-with-dsym";
				ENABLE_NS_ASSERTIONS = NO;
				ENABLE_STRICT_OBJC_MSGSEND = YES;
				GCC_C_LANGUAGE_STANDARD = gnu11;
				GCC_NO_COMMON_BLOCKS = YES;
				GCC_WARN_64_TO_32_BIT_CONVERSION = YES;
				GCC_WARN_ABOUT_RETURN_TYPE = YES_ERROR;
				GCC_WARN_UNDECLARED_SELECTOR = YES;
				GCC_WARN_UNINITIALIZED_AUTOS = YES_AGGRESSIVE;
				GCC_WARN_UNUSED_FUNCTION = YES;
				GCC_WARN_UNUSED_VARIABLE = YES;
				IPHONEOS_DEPLOYMENT_TARGET = 16.4;
				MTL_ENABLE_DEBUG_INFO = NO;
				MTL_FAST_MATH = YES;
				SDKROOT = iphoneos;
				SWIFT_COMPILATION_MODE = wholemodule;
				SWIFT_OPTIMIZATION_LEVEL = "-O";
				VALIDATE_PRODUCT = YES;
			};
			name = Release;
		};
		CD1F28502BAC790B004F5B44 /* Debug */ = {
			isa = XCBuildConfiguration;
			buildSettings = {
				ASSETCATALOG_COMPILER_APPICON_NAME = AppIcon;
				ASSETCATALOG_COMPILER_GLOBAL_ACCENT_COLOR_NAME = AccentColor;
				CODE_SIGN_STYLE = Automatic;
				CURRENT_PROJECT_VERSION = 1;
				DEVELOPMENT_ASSET_PATHS = "\"MoneyTracker/Preview Content\"";
				DEVELOPMENT_TEAM = P2CKQU8TPP;
				ENABLE_PREVIEWS = YES;
				GENERATE_INFOPLIST_FILE = YES;
				INFOPLIST_KEY_UIApplicationSceneManifest_Generation = YES;
				INFOPLIST_KEY_UIApplicationSupportsIndirectInputEvents = YES;
				INFOPLIST_KEY_UILaunchScreen_Generation = YES;
				INFOPLIST_KEY_UISupportedInterfaceOrientations_iPad = "UIInterfaceOrientationPortrait UIInterfaceOrientationPortraitUpsideDown UIInterfaceOrientationLandscapeLeft UIInterfaceOrientationLandscapeRight";
				INFOPLIST_KEY_UISupportedInterfaceOrientations_iPhone = "UIInterfaceOrientationPortrait UIInterfaceOrientationLandscapeLeft UIInterfaceOrientationLandscapeRight";
				LD_RUNPATH_SEARCH_PATHS = (
					"$(inherited)",
					"@executable_path/Frameworks",
				);
				MARKETING_VERSION = 1.0;
				PRODUCT_BUNDLE_IDENTIFIER = hypocrite1023.MoneyTracker;
				PRODUCT_NAME = "$(TARGET_NAME)";
				SWIFT_EMIT_LOC_STRINGS = YES;
				SWIFT_VERSION = 5.0;
				TARGETED_DEVICE_FAMILY = "1,2";
			};
			name = Debug;
		};
		CD1F28512BAC790B004F5B44 /* Release */ = {
			isa = XCBuildConfiguration;
			buildSettings = {
				ASSETCATALOG_COMPILER_APPICON_NAME = AppIcon;
				ASSETCATALOG_COMPILER_GLOBAL_ACCENT_COLOR_NAME = AccentColor;
				CODE_SIGN_STYLE = Automatic;
				CURRENT_PROJECT_VERSION = 1;
				DEVELOPMENT_ASSET_PATHS = "\"MoneyTracker/Preview Content\"";
				DEVELOPMENT_TEAM = P2CKQU8TPP;
				ENABLE_PREVIEWS = YES;
				GENERATE_INFOPLIST_FILE = YES;
				INFOPLIST_KEY_UIApplicationSceneManifest_Generation = YES;
				INFOPLIST_KEY_UIApplicationSupportsIndirectInputEvents = YES;
				INFOPLIST_KEY_UILaunchScreen_Generation = YES;
				INFOPLIST_KEY_UISupportedInterfaceOrientations_iPad = "UIInterfaceOrientationPortrait UIInterfaceOrientationPortraitUpsideDown UIInterfaceOrientationLandscapeLeft UIInterfaceOrientationLandscapeRight";
				INFOPLIST_KEY_UISupportedInterfaceOrientations_iPhone = "UIInterfaceOrientationPortrait UIInterfaceOrientationLandscapeLeft UIInterfaceOrientationLandscapeRight";
				LD_RUNPATH_SEARCH_PATHS = (
					"$(inherited)",
					"@executable_path/Frameworks",
				);
				MARKETING_VERSION = 1.0;
				PRODUCT_BUNDLE_IDENTIFIER = hypocrite1023.MoneyTracker;
				PRODUCT_NAME = "$(TARGET_NAME)";
				SWIFT_EMIT_LOC_STRINGS = YES;
				SWIFT_VERSION = 5.0;
				TARGETED_DEVICE_FAMILY = "1,2";
			};
			name = Release;
		};
		CD1F28532BAC790B004F5B44 /* Debug */ = {
			isa = XCBuildConfiguration;
			buildSettings = {
				ALWAYS_EMBED_SWIFT_STANDARD_LIBRARIES = YES;
				BUNDLE_LOADER = "$(TEST_HOST)";
				CODE_SIGN_STYLE = Automatic;
				CURRENT_PROJECT_VERSION = 1;
				DEVELOPMENT_TEAM = P2CKQU8TPP;
				GENERATE_INFOPLIST_FILE = YES;
				IPHONEOS_DEPLOYMENT_TARGET = 16.4;
				MARKETING_VERSION = 1.0;
				PRODUCT_BUNDLE_IDENTIFIER = hypocrite1023.MoneyTrackerTests;
				PRODUCT_NAME = "$(TARGET_NAME)";
				SWIFT_EMIT_LOC_STRINGS = NO;
				SWIFT_VERSION = 5.0;
				TARGETED_DEVICE_FAMILY = "1,2";
				TEST_HOST = "$(BUILT_PRODUCTS_DIR)/MoneyTracker.app/$(BUNDLE_EXECUTABLE_FOLDER_PATH)/MoneyTracker";
			};
			name = Debug;
		};
		CD1F28542BAC790B004F5B44 /* Release */ = {
			isa = XCBuildConfiguration;
			buildSettings = {
				ALWAYS_EMBED_SWIFT_STANDARD_LIBRARIES = YES;
				BUNDLE_LOADER = "$(TEST_HOST)";
				CODE_SIGN_STYLE = Automatic;
				CURRENT_PROJECT_VERSION = 1;
				DEVELOPMENT_TEAM = P2CKQU8TPP;
				GENERATE_INFOPLIST_FILE = YES;
				IPHONEOS_DEPLOYMENT_TARGET = 16.4;
				MARKETING_VERSION = 1.0;
				PRODUCT_BUNDLE_IDENTIFIER = hypocrite1023.MoneyTrackerTests;
				PRODUCT_NAME = "$(TARGET_NAME)";
				SWIFT_EMIT_LOC_STRINGS = NO;
				SWIFT_VERSION = 5.0;
				TARGETED_DEVICE_FAMILY = "1,2";
				TEST_HOST = "$(BUILT_PRODUCTS_DIR)/MoneyTracker.app/$(BUNDLE_EXECUTABLE_FOLDER_PATH)/MoneyTracker";
			};
			name = Release;
		};
		CD1F28562BAC790B004F5B44 /* Debug */ = {
			isa = XCBuildConfiguration;
			buildSettings = {
				ALWAYS_EMBED_SWIFT_STANDARD_LIBRARIES = YES;
				CODE_SIGN_STYLE = Automatic;
				CURRENT_PROJECT_VERSION = 1;
				DEVELOPMENT_TEAM = P2CKQU8TPP;
				GENERATE_INFOPLIST_FILE = YES;
				MARKETING_VERSION = 1.0;
				PRODUCT_BUNDLE_IDENTIFIER = hypocrite1023.MoneyTrackerUITests;
				PRODUCT_NAME = "$(TARGET_NAME)";
				SWIFT_EMIT_LOC_STRINGS = NO;
				SWIFT_VERSION = 5.0;
				TARGETED_DEVICE_FAMILY = "1,2";
				TEST_TARGET_NAME = MoneyTracker;
			};
			name = Debug;
		};
		CD1F28572BAC790B004F5B44 /* Release */ = {
			isa = XCBuildConfiguration;
			buildSettings = {
				ALWAYS_EMBED_SWIFT_STANDARD_LIBRARIES = YES;
				CODE_SIGN_STYLE = Automatic;
				CURRENT_PROJECT_VERSION = 1;
				DEVELOPMENT_TEAM = P2CKQU8TPP;
				GENERATE_INFOPLIST_FILE = YES;
				MARKETING_VERSION = 1.0;
				PRODUCT_BUNDLE_IDENTIFIER = hypocrite1023.MoneyTrackerUITests;
				PRODUCT_NAME = "$(TARGET_NAME)";
				SWIFT_EMIT_LOC_STRINGS = NO;
				SWIFT_VERSION = 5.0;
				TARGETED_DEVICE_FAMILY = "1,2";
				TEST_TARGET_NAME = MoneyTracker;
			};
			name = Release;
		};
/* End XCBuildConfiguration section */

/* Begin XCConfigurationList section */
		CD1F28262BAC790A004F5B44 /* Build configuration list for PBXProject "MoneyTracker" */ = {
			isa = XCConfigurationList;
			buildConfigurations = (
				CD1F284D2BAC790B004F5B44 /* Debug */,
				CD1F284E2BAC790B004F5B44 /* Release */,
			);
			defaultConfigurationIsVisible = 0;
			defaultConfigurationName = Release;
		};
		CD1F284F2BAC790B004F5B44 /* Build configuration list for PBXNativeTarget "MoneyTracker" */ = {
			isa = XCConfigurationList;
			buildConfigurations = (
				CD1F28502BAC790B004F5B44 /* Debug */,
				CD1F28512BAC790B004F5B44 /* Release */,
			);
			defaultConfigurationIsVisible = 0;
			defaultConfigurationName = Release;
		};
		CD1F28522BAC790B004F5B44 /* Build configuration list for PBXNativeTarget "MoneyTrackerTests" */ = {
			isa = XCConfigurationList;
			buildConfigurations = (
				CD1F28532BAC790B004F5B44 /* Debug */,
				CD1F28542BAC790B004F5B44 /* Release */,
			);
			defaultConfigurationIsVisible = 0;
			defaultConfigurationName = Release;
		};
		CD1F28552BAC790B004F5B44 /* Build configuration list for PBXNativeTarget "MoneyTrackerUITests" */ = {
			isa = XCConfigurationList;
			buildConfigurations = (
				CD1F28562BAC790B004F5B44 /* Debug */,
				CD1F28572BAC790B004F5B44 /* Release */,
			);
			defaultConfigurationIsVisible = 0;
			defaultConfigurationName = Release;
		};
/* End XCConfigurationList section */
	};
	rootObject = CD1F28232BAC790A004F5B44 /* Project object */;
}
